// !$*UTF8*$!
{
	archiveVersion = 1;
	classes = {
	};
	objectVersion = 46;
	objects = {

/* Begin PBXBuildFile section */
		AD5352651A34721C00589369 /* AppDelegate.swift in Sources */ = {isa = PBXBuildFile; fileRef = AD5352641A34721C00589369 /* AppDelegate.swift */; };
		AD5352671A34721D00589369 /* ViewController.swift in Sources */ = {isa = PBXBuildFile; fileRef = AD5352661A34721D00589369 /* ViewController.swift */; };
		AD53526A1A34721D00589369 /* Main.storyboard in Resources */ = {isa = PBXBuildFile; fileRef = AD5352681A34721D00589369 /* Main.storyboard */; };
		AD53526C1A34721D00589369 /* Images.xcassets in Resources */ = {isa = PBXBuildFile; fileRef = AD53526B1A34721D00589369 /* Images.xcassets */; };
		AD53526F1A34721D00589369 /* LaunchScreen.xib in Resources */ = {isa = PBXBuildFile; fileRef = AD53526D1A34721D00589369 /* LaunchScreen.xib */; };
		AD53527B1A34721D00589369 /* SwiftNoteTests.swift in Sources */ = {isa = PBXBuildFile; fileRef = AD53527A1A34721D00589369 /* SwiftNoteTests.swift */; };
/* End PBXBuildFile section */

/* Begin PBXContainerItemProxy section */
		AD5352751A34721D00589369 /* PBXContainerItemProxy */ = {
			isa = PBXContainerItemProxy;
			containerPortal = AD5352571A34721C00589369 /* Project object */;
			proxyType = 1;
			remoteGlobalIDString = AD53525E1A34721C00589369;
			remoteInfo = SwiftNote;
		};
/* End PBXContainerItemProxy section */

/* Begin PBXFileReference section */
		AD53525F1A34721C00589369 /* SwiftNote.app */ = {isa = PBXFileReference; explicitFileType = wrapper.application; includeInIndex = 0; path = SwiftNote.app; sourceTree = BUILT_PRODUCTS_DIR; };
		AD5352631A34721C00589369 /* Info.plist */ = {isa = PBXFileReference; lastKnownFileType = text.plist.xml; path = Info.plist; sourceTree = "<group>"; };
		AD5352641A34721C00589369 /* AppDelegate.swift */ = {isa = PBXFileReference; lastKnownFileType = sourcecode.swift; path = AppDelegate.swift; sourceTree = "<group>"; };
		AD5352661A34721D00589369 /* ViewController.swift */ = {isa = PBXFileReference; lastKnownFileType = sourcecode.swift; path = ViewController.swift; sourceTree = "<group>"; };
		AD5352691A34721D00589369 /* Base */ = {isa = PBXFileReference; lastKnownFileType = file.storyboard; name = Base; path = Base.lproj/Main.storyboard; sourceTree = "<group>"; };
		AD53526B1A34721D00589369 /* Images.xcassets */ = {isa = PBXFileReference; lastKnownFileType = folder.assetcatalog; path = Images.xcassets; sourceTree = "<group>"; };
		AD53526E1A34721D00589369 /* Base */ = {isa = PBXFileReference; lastKnownFileType = file.xib; name = Base; path = Base.lproj/LaunchScreen.xib; sourceTree = "<group>"; };
		AD5352741A34721D00589369 /* SwiftNoteTests.xctest */ = {isa = PBXFileReference; explicitFileType = wrapper.cfbundle; includeInIndex = 0; path = SwiftNoteTests.xctest; sourceTree = BUILT_PRODUCTS_DIR; };
		AD5352791A34721D00589369 /* Info.plist */ = {isa = PBXFileReference; lastKnownFileType = text.plist.xml; path = Info.plist; sourceTree = "<group>"; };
		AD53527A1A34721D00589369 /* SwiftNoteTests.swift */ = {isa = PBXFileReference; lastKnownFileType = sourcecode.swift; path = SwiftNoteTests.swift; sourceTree = "<group>"; };
/* End PBXFileReference section */

/* Begin PBXFrameworksBuildPhase section */
		AD53525C1A34721C00589369 /* Frameworks */ = {
			isa = PBXFrameworksBuildPhase;
			buildActionMask = 2147483647;
			files = (
			);
			runOnlyForDeploymentPostprocessing = 0;
		};
		AD5352711A34721D00589369 /* Frameworks */ = {
			isa = PBXFrameworksBuildPhase;
			buildActionMask = 2147483647;
			files = (
			);
			runOnlyForDeploymentPostprocessing = 0;
		};
/* End PBXFrameworksBuildPhase section */

/* Begin PBXGroup section */
		AD5352561A34721C00589369 = {
			isa = PBXGroup;
			children = (
				AD5352611A34721C00589369 /* SwiftNote */,
				AD5352771A34721D00589369 /* SwiftNoteTests */,
				AD5352601A34721C00589369 /* Products */,
			);
			sourceTree = "<group>";
		};
		AD5352601A34721C00589369 /* Products */ = {
			isa = PBXGroup;
			children = (
				AD53525F1A34721C00589369 /* SwiftNote.app */,
				AD5352741A34721D00589369 /* SwiftNoteTests.xctest */,
			);
			name = Products;
			sourceTree = "<group>";
		};
		AD5352611A34721C00589369 /* SwiftNote */ = {
			isa = PBXGroup;
			children = (
				AD5352641A34721C00589369 /* AppDelegate.swift */,
				AD5352661A34721D00589369 /* ViewController.swift */,
				AD5352681A34721D00589369 /* Main.storyboard */,
				AD53526B1A34721D00589369 /* Images.xcassets */,
				AD53526D1A34721D00589369 /* LaunchScreen.xib */,
				AD5352621A34721C00589369 /* Supporting Files */,
			);
			path = SwiftNote;
			sourceTree = "<group>";
		};
		AD5352621A34721C00589369 /* Supporting Files */ = {
			isa = PBXGroup;
			children = (
				AD5352631A34721C00589369 /* Info.plist */,
			);
			name = "Supporting Files";
			sourceTree = "<group>";
		};
		AD5352771A34721D00589369 /* SwiftNoteTests */ = {
			isa = PBXGroup;
			children = (
				AD53527A1A34721D00589369 /* SwiftNoteTests.swift */,
				AD5352781A34721D00589369 /* Supporting Files */,
			);
			path = SwiftNoteTests;
			sourceTree = "<group>";
		};
		AD5352781A34721D00589369 /* Supporting Files */ = {
			isa = PBXGroup;
			children = (
				AD5352791A34721D00589369 /* Info.plist */,
			);
			name = "Supporting Files";
			sourceTree = "<group>";
		};
/* End PBXGroup section */

/* Begin PBXNativeTarget section */
		AD53525E1A34721C00589369 /* SwiftNote */ = {
			isa = PBXNativeTarget;
			buildConfigurationList = AD53527E1A34721D00589369 /* Build configuration list for PBXNativeTarget "SwiftNote" */;
			buildPhases = (
				AD53525B1A34721C00589369 /* Sources */,
				AD53525C1A34721C00589369 /* Frameworks */,
				AD53525D1A34721C00589369 /* Resources */,
			);
			buildRules = (
			);
			dependencies = (
			);
			name = SwiftNote;
			productName = SwiftNote;
			productReference = AD53525F1A34721C00589369 /* SwiftNote.app */;
			productType = "com.apple.product-type.application";
		};
		AD5352731A34721D00589369 /* SwiftNoteTests */ = {
			isa = PBXNativeTarget;
			buildConfigurationList = AD5352811A34721D00589369 /* Build configuration list for PBXNativeTarget "SwiftNoteTests" */;
			buildPhases = (
				AD5352701A34721D00589369 /* Sources */,
				AD5352711A34721D00589369 /* Frameworks */,
				AD5352721A34721D00589369 /* Resources */,
			);
			buildRules = (
			);
			dependencies = (
				AD5352761A34721D00589369 /* PBXTargetDependency */,
			);
			name = SwiftNoteTests;
			productName = SwiftNoteTests;
			productReference = AD5352741A34721D00589369 /* SwiftNoteTests.xctest */;
			productType = "com.apple.product-type.bundle.unit-test";
		};
/* End PBXNativeTarget section */

/* Begin PBXProject section */
		AD5352571A34721C00589369 /* Project object */ = {
			isa = PBXProject;
			attributes = {
				LastUpgradeCheck = 0610;
				ORGANIZATIONNAME = wwq;
				TargetAttributes = {
					AD53525E1A34721C00589369 = {
						CreatedOnToolsVersion = 6.1.1;
					};
					AD5352731A34721D00589369 = {
						CreatedOnToolsVersion = 6.1.1;
						TestTargetID = AD53525E1A34721C00589369;
					};
				};
			};
			buildConfigurationList = AD53525A1A34721C00589369 /* Build configuration list for PBXProject "SwiftNote" */;
			compatibilityVersion = "Xcode 3.2";
			developmentRegion = English;
			hasScannedForEncodings = 0;
			knownRegions = (
				en,
				Base,
			);
			mainGroup = AD5352561A34721C00589369;
			productRefGroup = AD5352601A34721C00589369 /* Products */;
			projectDirPath = "";
			projectRoot = "";
			targets = (
				AD53525E1A34721C00589369 /* SwiftNote */,
				AD5352731A34721D00589369 /* SwiftNoteTests */,
			);
		};
/* End PBXProject section */

/* Begin PBXResourcesBuildPhase section */
		AD53525D1A34721C00589369 /* Resources */ = {
			isa = PBXResourcesBuildPhase;
			buildActionMask = 2147483647;
			files = (
				AD53526A1A34721D00589369 /* Main.storyboard in Resources */,
				AD53526F1A34721D00589369 /* LaunchScreen.xib in Resources */,
				AD53526C1A34721D00589369 /* Images.xcassets in Resources */,
			);
			runOnlyForDeploymentPostprocessing = 0;
		};
		AD5352721A34721D00589369 /* Resources */ = {
			isa = PBXResourcesBuildPhase;
			buildActionMask = 2147483647;
			files = (
			);
			runOnlyForDeploymentPostprocessing = 0;
		};
/* End PBXResourcesBuildPhase section */

/* Begin PBXSourcesBuildPhase section */
		AD53525B1A34721C00589369 /* Sources */ = {
			isa = PBXSourcesBuildPhase;
			buildActionMask = 2147483647;
			files = (
				AD5352671A34721D00589369 /* ViewController.swift in Sources */,
				AD5352651A34721C00589369 /* AppDelegate.swift in Sources */,
			);
			runOnlyForDeploymentPostprocessing = 0;
		};
		AD5352701A34721D00589369 /* Sources */ = {
			isa = PBXSourcesBuildPhase;
			buildActionMask = 2147483647;
			files = (
				AD53527B1A34721D00589369 /* SwiftNoteTests.swift in Sources */,
			);
			runOnlyForDeploymentPostprocessing = 0;
		};
/* End PBXSourcesBuildPhase section */

/* Begin PBXTargetDependency section */
		AD5352761A34721D00589369 /* PBXTargetDependency */ = {
			isa = PBXTargetDependency;
			target = AD53525E1A34721C00589369 /* SwiftNote */;
			targetProxy = AD5352751A34721D00589369 /* PBXContainerItemProxy */;
		};
/* End PBXTargetDependency section */

/* Begin PBXVariantGroup section */
		AD5352681A34721D00589369 /* Main.storyboard */ = {
			isa = PBXVariantGroup;
			children = (
				AD5352691A34721D00589369 /* Base */,
			);
			name = Main.storyboard;
			sourceTree = "<group>";
		};
		AD53526D1A34721D00589369 /* LaunchScreen.xib */ = {
			isa = PBXVariantGroup;
			children = (
				AD53526E1A34721D00589369 /* Base */,
			);
			name = LaunchScreen.xib;
			sourceTree = "<group>";
		};
/* End PBXVariantGroup section */

/* Begin XCBuildConfiguration section */
		AD53527C1A34721D00589369 /* Debug */ = {
			isa = XCBuildConfiguration;
			buildSettings = {
				ALWAYS_SEARCH_USER_PATHS = NO;
				CLANG_CXX_LANGUAGE_STANDARD = "gnu++0x";
				CLANG_CXX_LIBRARY = "libc++";
				CLANG_ENABLE_MODULES = YES;
				CLANG_ENABLE_OBJC_ARC = YES;
				CLANG_WARN_BOOL_CONVERSION = YES;
				CLANG_WARN_CONSTANT_CONVERSION = YES;
				CLANG_WARN_DIRECT_OBJC_ISA_USAGE = YES_ERROR;
				CLANG_WARN_EMPTY_BODY = YES;
				CLANG_WARN_ENUM_CONVERSION = YES;
				CLANG_WARN_INT_CONVERSION = YES;
				CLANG_WARN_OBJC_ROOT_CLASS = YES_ERROR;
				CLANG_WARN_UNREACHABLE_CODE = YES;
				CLANG_WARN__DUPLICATE_METHOD_MATCH = YES;
				"CODE_SIGN_IDENTITY[sdk=iphoneos*]" = "iPhone Developer";
				COPY_PHASE_STRIP = NO;
				ENABLE_STRICT_OBJC_MSGSEND = YES;
				GCC_C_LANGUAGE_STANDARD = gnu99;
				GCC_DYNAMIC_NO_PIC = NO;
				GCC_OPTIMIZATION_LEVEL = 0;
				GCC_PREPROCESSOR_DEFINITIONS = (
					"DEBUG=1",
					"$(inherited)",
				);
				GCC_SYMBOLS_PRIVATE_EXTERN = NO;
				GCC_WARN_64_TO_32_BIT_CONVERSION = YES;
				GCC_WARN_ABOUT_RETURN_TYPE = YES_ERROR;
				GCC_WARN_UNDECLARED_SELECTOR = YES;
				GCC_WARN_UNINITIALIZED_AUTOS = YES_AGGRESSIVE;
				GCC_WARN_UNUSED_FUNCTION = YES;
				GCC_WARN_UNUSED_VARIABLE = YES;
				IPHONEOS_DEPLOYMENT_TARGET = 8.1;
				MTL_ENABLE_DEBUG_INFO = YES;
				ONLY_ACTIVE_ARCH = YES;
				SDKROOT = iphoneos;
				SWIFT_OPTIMIZATION_LEVEL = "-Onone";
			};
			name = Debug;
		};
		AD53527D1A34721D00589369 /* Release */ = {
			isa = XCBuildConfiguration;
			buildSettings = {
				ALWAYS_SEARCH_USER_PATHS = NO;
				CLANG_CXX_LANGUAGE_STANDARD = "gnu++0x";
				CLANG_CXX_LIBRARY = "libc++";
				CLANG_ENABLE_MODULES = YES;
				CLANG_ENABLE_OBJC_ARC = YES;
				CLANG_WARN_BOOL_CONVERSION = YES;
				CLANG_WARN_CONSTANT_CONVERSION = YES;
				CLANG_WARN_DIRECT_OBJC_ISA_USAGE = YES_ERROR;
				CLANG_WARN_EMPTY_BODY = YES;
				CLANG_WARN_ENUM_CONVERSION = YES;
				CLANG_WARN_INT_CONVERSION = YES;
				CLANG_WARN_OBJC_ROOT_CLASS = YES_ERROR;
				CLANG_WARN_UNREACHABLE_CODE = YES;
				CLANG_WARN__DUPLICATE_METHOD_MATCH = YES;
				"CODE_SIGN_IDENTITY[sdk=iphoneos*]" = "iPhone Developer";
				COPY_PHASE_STRIP = YES;
				ENABLE_NS_ASSERTIONS = NO;
				ENABLE_STRICT_OBJC_MSGSEND = YES;
				GCC_C_LANGUAGE_STANDARD = gnu99;
				GCC_WARN_64_TO_32_BIT_CONVERSION = YES;
				GCC_WARN_ABOUT_RETURN_TYPE = YES_ERROR;
				GCC_WARN_UNDECLARED_SELECTOR = YES;
				GCC_WARN_UNINITIALIZED_AUTOS = YES_AGGRESSIVE;
				GCC_WARN_UNUSED_FUNCTION = YES;
				GCC_WARN_UNUSED_VARIABLE = YES;
				IPHONEOS_DEPLOYMENT_TARGET = 8.1;
				MTL_ENABLE_DEBUG_INFO = NO;
				SDKROOT = iphoneos;
				VALIDATE_PRODUCT = YES;
			};
			name = Release;
		};
		AD53527F1A34721D00589369 /* Debug */ = {
			isa = XCBuildConfiguration;
			buildSettings = {
				ASSETCATALOG_COMPILER_APPICON_NAME = AppIcon;
				INFOPLIST_FILE = SwiftNote/Info.plist;
				LD_RUNPATH_SEARCH_PATHS = "$(inherited) @executable_path/Frameworks";
				PRODUCT_NAME = "$(TARGET_NAME)";
			};
			name = Debug;
		};
		AD5352801A34721D00589369 /* Release */ = {
			isa = XCBuildConfiguration;
			buildSettings = {
				ASSETCATALOG_COMPILER_APPICON_NAME = AppIcon;
				INFOPLIST_FILE = SwiftNote/Info.plist;
				LD_RUNPATH_SEARCH_PATHS = "$(inherited) @executable_path/Frameworks";
				PRODUCT_NAME = "$(TARGET_NAME)";
			};
			name = Release;
		};
		AD5352821A34721D00589369 /* Debug */ = {
			isa = XCBuildConfiguration;
			buildSettings = {
				BUNDLE_LOADER = "$(TEST_HOST)";
				FRAMEWORK_SEARCH_PATHS = (
					"$(SDKROOT)/Developer/Library/Frameworks",
					"$(inherited)",
				);
				GCC_PREPROCESSOR_DEFINITIONS = (
					"DEBUG=1",
					"$(inherited)",
				);
				INFOPLIST_FILE = SwiftNoteTests/Info.plist;
				LD_RUNPATH_SEARCH_PATHS = "$(inherited) @executable_path/Frameworks @loader_path/Frameworks";
				PRODUCT_NAME = "$(TARGET_NAME)";
				TEST_HOST = "$(BUILT_PRODUCTS_DIR)/SwiftNote.app/SwiftNote";
			};
			name = Debug;
		};
		AD5352831A34721D00589369 /* Release */ = {
			isa = XCBuildConfiguration;
			buildSettings = {
				BUNDLE_LOADER = "$(TEST_HOST)";
				FRAMEWORK_SEARCH_PATHS = (
					"$(SDKROOT)/Developer/Library/Frameworks",
					"$(inherited)",
				);
				INFOPLIST_FILE = SwiftNoteTests/Info.plist;
				LD_RUNPATH_SEARCH_PATHS = "$(inherited) @executable_path/Frameworks @loader_path/Frameworks";
				PRODUCT_NAME = "$(TARGET_NAME)";
				TEST_HOST = "$(BUILT_PRODUCTS_DIR)/SwiftNote.app/SwiftNote";
			};
			name = Release;
		};
/* End XCBuildConfiguration section */

/* Begin XCConfigurationList section */
		AD53525A1A34721C00589369 /* Build configuration list for PBXProject "SwiftNote" */ = {
			isa = XCConfigurationList;
			buildConfigurations = (
				AD53527C1A34721D00589369 /* Debug */,
				AD53527D1A34721D00589369 /* Release */,
			);
			defaultConfigurationIsVisible = 0;
			defaultConfigurationName = Release;
		};
		AD53527E1A34721D00589369 /* Build configuration list for PBXNativeTarget "SwiftNote" */ = {
			isa = XCConfigurationList;
			buildConfigurations = (
				AD53527F1A34721D00589369 /* Debug */,
				AD5352801A34721D00589369 /* Release */,
			);
			defaultConfigurationIsVisible = 0;
		};
		AD5352811A34721D00589369 /* Build configuration list for PBXNativeTarget "SwiftNoteTests" */ = {
			isa = XCConfigurationList;
			buildConfigurations = (
				AD5352821A34721D00589369 /* Debug */,
				AD5352831A34721D00589369 /* Release */,
			);
			defaultConfigurationIsVisible = 0;
		};
/* End XCConfigurationList section */
	};
	rootObject = AD5352571A34721C00589369 /* Project object */;
}
